<?xml version="1.0" encoding="utf-8"?>
<Project ToolsVersion="4.0" xmlns="http://schemas.microsoft.com/developer/msbuild/2003">
  <ItemGroup>
    <Filter Include="Source Files">
      <UniqueIdentifier>{4FC737F1-C7A5-4376-A066-2A32D752A2FF}</UniqueIdentifier>
      <Extensions>cpp;c;cc;cxx;c++;cppm;ixx;def;odl;idl;hpj;bat;asm;asmx</Extensions>
    </Filter>
    <Filter Include="Header Files">
      <UniqueIdentifier>{93995380-89BD-4b04-88EB-625FBE52EBFB}</UniqueIdentifier>
      <Extensions>h;hh;hpp;hxx;h++;hm;inl;inc;ipp;xsd</Extensions>
    </Filter>
    <Filter Include="Resource Files">
      <UniqueIdentifier>{67DA6AB6-F800-4c08-8B7A-83BB121AAD01}</UniqueIdentifier>
      <Extensions>rc;ico;cur;bmp;dlg;rc2;rct;bin;rgs;gif;jpg;jpeg;jpe;resx;tiff;tif;png;wav;mfcribbon-ms</Extensions>
    </Filter>
    <Filter Include="Header Files\Lib Incl">
      <UniqueIdentifier>{e233cf0e-46a7-4239-bf2d-67e8be743f80}</UniqueIdentifier>
    </Filter>
    <Filter Include="Source Files\Lib Src">
      <UniqueIdentifier>{1ecfa463-852b-4c08-b8c2-cc13b0bafb5c}</UniqueIdentifier>
    </Filter>
  </ItemGroup>
  <ItemGroup>
    <ClCompile Include="lib\src\buffer.c">
      <Filter>Source Files\Lib Src</Filter>
    </ClCompile>
    <ClCompile Include="CPP_Libraries.cpp">
      <Filter>Source Files\Lib Src</Filter>
    </ClCompile>
    <ClCompile Include="lib\src\ExtMem.cpp">
      <Filter>Source Files\Lib Src</Filter>
    </ClCompile>
    <ClCompile Include="lib\src\hde32.c">
      <Filter>Source Files\Lib Src</Filter>
    </ClCompile>
    <ClCompile Include="lib\src\hde64.c">
      <Filter>Source Files\Lib Src</Filter>
    </ClCompile>
    <ClCompile Include="lib\src\hook.c">
      <Filter>Source Files\Lib Src</Filter>
    </ClCompile>
    <ClCompile Include="lib\src\Logging.cpp">
      <Filter>Source Files\Lib Src</Filter>
    </ClCompile>
    <ClCompile Include="lib\src\Maths.cpp">
      <Filter>Source Files\Lib Src</Filter>
    </ClCompile>
    <ClCompile Include="lib\src\Mem.cpp">
      <Filter>Source Files\Lib Src</Filter>
    </ClCompile>
    <ClCompile Include="lib\src\MemShared.cpp">
      <Filter>Source Files\Lib Src</Filter>
    </ClCompile>
    <ClCompile Include="lib\src\Misc.cpp">
      <Filter>Source Files\Lib Src</Filter>
    </ClCompile>
    <ClCompile Include="lib\src\trampoline.c">
      <Filter>Source Files\Lib Src</Filter>
    </ClCompile>
    <ClCompile Include="lib\src\Error.cpp">
      <Filter>Source Files\Lib Src</Filter>
    </ClCompile>
  </ItemGroup>
  <ItemGroup>
    <ClInclude Include="lib\include\trampoline.h">
      <Filter>Header Files\Lib Incl</Filter>
    </ClInclude>
    <ClInclude Include="lib\include\buffer.h">
      <Filter>Header Files\Lib Incl</Filter>
    </ClInclude>
    <ClInclude Include="lib\include\Collections.h">
      <Filter>Header Files\Lib Incl</Filter>
    </ClInclude>
    <ClInclude Include="lib\include\Const.h">
      <Filter>Header Files\Lib Incl</Filter>
    </ClInclude>
    <ClInclude Include="lib\include\EnvVar.h">
      <Filter>Header Files\Lib Incl</Filter>
    </ClInclude>
    <ClInclude Include="lib\include\ExtMem.h">
      <Filter>Header Files\Lib Incl</Filter>
    </ClInclude>
    <ClInclude Include="lib\include\hde32.h">
      <Filter>Header Files\Lib Incl</Filter>
    </ClInclude>
    <ClInclude Include="lib\include\hde64.h">
      <Filter>Header Files\Lib Incl</Filter>
    </ClInclude>
    <ClInclude Include="lib\include\Key.h">
      <Filter>Header Files\Lib Incl</Filter>
    </ClInclude>
    <ClInclude Include="lib\include\Lib.h">
      <Filter>Header Files\Lib Incl</Filter>
    </ClInclude>
    <ClInclude Include="lib\include\Logging.h">
      <Filter>Header Files\Lib Incl</Filter>
    </ClInclude>
    <ClInclude Include="lib\include\Maths.h">
      <Filter>Header Files\Lib Incl</Filter>
    </ClInclude>
    <ClInclude Include="lib\include\Mem.h">
      <Filter>Header Files\Lib Incl</Filter>
    </ClInclude>
    <ClInclude Include="lib\include\MemShared.h">
      <Filter>Header Files\Lib Incl</Filter>
    </ClInclude>
    <ClInclude Include="lib\include\MinHook.h">
      <Filter>Header Files\Lib Incl</Filter>
    </ClInclude>
    <ClInclude Include="lib\include\Misc.h">
      <Filter>Header Files\Lib Incl</Filter>
    </ClInclude>
    <ClInclude Include="lib\include\pstdint.h">
      <Filter>Header Files\Lib Incl</Filter>
    </ClInclude>
    <ClInclude Include="lib\include\table32.h">
      <Filter>Header Files\Lib Incl</Filter>
    </ClInclude>
    <ClInclude Include="lib\include\table64.h">
      <Filter>Header Files\Lib Incl</Filter>
    </ClInclude>
    <ClInclude Include="lib\include\Error.h">
      <Filter>Header Files\Lib Incl</Filter>
    </ClInclude>
  </ItemGroup>
</Project>